<?xml version="1.0" encoding="utf-8"?>
<Project ToolsVersion="4.0" xmlns="http://schemas.microsoft.com/developer/msbuild/2003">
  <ItemGroup>
    <ClCompile Include="..\source\Physics\AABBCollider.cpp">
      <Filter>Engine\Source\Physics</Filter>
    </ClCompile>
    <ClCompile Include="..\source\Physics\CircleCollider.cpp">
      <Filter>Engine\Source\Physics</Filter>
    </ClCompile>
    <ClCompile Include="..\source\Physics\Collider.cpp">
      <Filter>Engine\Source\Physics</Filter>
    </ClCompile>
    <ClCompile Include="..\source\Physics\PhysicsManager.cpp">
      <Filter>Engine\Source\Physics</Filter>
    </ClCompile>
    <ClCompile Include="..\source\Physics\PolygonCollider.cpp">
      <Filter>Engine\Source\Physics</Filter>
    </ClCompile>
    <ClCompile Include="..\source\Physics\RigidBody.cpp">
      <Filter>Engine\Source\Physics</Filter>
    </ClCompile>
    <ClCompile Include="..\source\Rendering\Animation.cpp">
      <Filter>Engine\Source\Rendering</Filter>
    </ClCompile>
    <ClCompile Include="..\source\Rendering\AnimationRenderer.cpp">
      <Filter>Engine\Source\Rendering</Filter>
    </ClCompile>
    <ClCompile Include="..\source\Rendering\LayerRenderer.cpp">
      <Filter>Engine\Source\Rendering</Filter>
    </ClCompile>
    <ClCompile Include="..\source\Rendering\RenderManager.cpp">
      <Filter>Engine\Source\Rendering</Filter>
    </ClCompile>
    <ClCompile Include="../source/Rendering\SpriteRenderer.cpp">
      <Filter>Engine\Source\Rendering</Filter>
    </ClCompile>
    <ClCompile Include="../source/GameObject/Component.cpp">
      <Filter>Engine\Source\GameObject</Filter>
    </ClCompile>
    <ClCompile Include="..\source\Tiled Editor\ContentManager.cpp">
      <Filter>Engine\Source\Tiled Editor</Filter>
    </ClCompile>
    <ClCompile Include="..\source\Util\Debug.cpp">
      <Filter>Engine\Source\Util</Filter>
    </ClCompile>
    <ClCompile Include="..\source\Core\Game.cpp">
      <Filter>Engine\Source\Core</Filter>
    </ClCompile>
    <ClCompile Include="../source/GameObject/GameObject.cpp">
      <Filter>Engine\Source\GameObject</Filter>
    </ClCompile>
    <ClCompile Include="../source/GameObject/GameObjectManager.cpp">
      <Filter>Engine\Source\GameObject</Filter>
    </ClCompile>
    <ClCompile Include="..\source\Input/Gamepad.cpp">
      <Filter>Engine\Source\Input</Filter>
    </ClCompile>
    <ClCompile Include="../source/Input/InputManager.cpp">
      <Filter>Engine\Source\Input</Filter>
    </ClCompile>
    <ClCompile Include="..\source\Tiled Editor\Map.cpp">
      <Filter>Engine\Source\Tiled Editor</Filter>
    </ClCompile>
    <ClCompile Include="..\source\Util\QuickMaths.cpp">
      <Filter>Engine\Source\Util</Filter>
    </ClCompile>
    <ClCompile Include="..\source\Audio\SoundManager.cpp">
      <Filter>Engine\Source\Audio</Filter>
    </ClCompile>
    <ClCompile Include="../source/Core\State.cpp">
      <Filter>Engine\Source\Core</Filter>
    </ClCompile>
    <ClCompile Include="..\source\Core\StateManager.cpp">
      <Filter>Engine\Source\Core</Filter>
    </ClCompile>
    <ClCompile Include="..\source\Tiled Editor\TiledMap.cpp">
      <Filter>Engine\Source\Tiled Editor</Filter>
    </ClCompile>
    <ClCompile Include="..\source\Util\Timer.cpp">
      <Filter>Engine\Source\Util</Filter>
    </ClCompile>
    <ClCompile Include="..\source\Util\TimerManager.cpp">
      <Filter>Engine\Source\Util</Filter>
    </ClCompile>
    <ClCompile Include="..\example\Main.cpp" />
    <ClCompile Include="..\source\IntroState.cpp">
      <Filter>Game\Source\Game States</Filter>
    </ClCompile>
    <ClCompile Include="..\source\CreditsState.cpp">
      <Filter>Game\Source\Game States</Filter>
    </ClCompile>
    <ClCompile Include="..\source\MenuState.cpp">
      <Filter>Game\Source\Game States</Filter>
    </ClCompile>
    <ClCompile Include="..\source\EndState.cpp">
      <Filter>Game\Source\Game States</Filter>
    </ClCompile>
    <ClCompile Include="..\source\Bird.cpp">
      <Filter>Game\Source</Filter>
    </ClCompile>
    <ClCompile Include="..\source\Pentagram.cpp">
      <Filter>Game\Source</Filter>
    </ClCompile>
    <ClCompile Include="..\source\Player.cpp">
      <Filter>Game\Source</Filter>
    </ClCompile>
    <ClCompile Include="..\source\MainState.cpp">
      <Filter>Game\Source\Game States</Filter>
    </ClCompile>
    <ClCompile Include="..\source\Projectile.cpp">
      <Filter>Game\Source</Filter>
    </ClCompile>
    <ClCompile Include="..\source\Rendering\Drawable.cpp">
      <Filter>Engine\Source\Rendering</Filter>
    </ClCompile>
    <ClCompile Include="..\source\InfoState.cpp">
      <Filter>Game\Source\Game States</Filter>
    </ClCompile>
  </ItemGroup>
  <ItemGroup>
    <ClInclude Include="..\include\RapidXML\rapidxml.hpp">
      <Filter>Engine\Header\Tiled Editor</Filter>
    </ClInclude>
    <ClInclude Include="..\include\RapidXML\rapidxml_iterators.hpp">
      <Filter>Engine\Header\Tiled Editor</Filter>
    </ClInclude>
    <ClInclude Include="..\include\RapidXML\rapidxml_print.hpp">
      <Filter>Engine\Header\Tiled Editor</Filter>
    </ClInclude>
    <ClInclude Include="..\include\RapidXML\rapidxml_utils.hpp">
      <Filter>Engine\Header\Tiled Editor</Filter>
    </ClInclude>
    <ClInclude Include="..\include\Physics\AABBCollider.h">
      <Filter>Engine\Header\Physics</Filter>
    </ClInclude>
    <ClInclude Include="../include/Physics/CircleCollider.h">
      <Filter>Engine\Header\Physics</Filter>
    </ClInclude>
    <ClInclude Include="../include/Physics\IRigidBodyObserver.h">
      <Filter>Engine\Header\Physics</Filter>
    </ClInclude>
    <ClInclude Include="..\include\Physics\PhysicsManager.h">
      <Filter>Engine\Header\Physics</Filter>
    </ClInclude>
    <ClInclude Include="..\include\Physics\PolygonCollider.h">
      <Filter>Engine\Header\Physics</Filter>
    </ClInclude>
    <ClInclude Include="../include/Physics\RigidBody.h">
      <Filter>Engine\Header\Physics</Filter>
    </ClInclude>
    <ClInclude Include="..\include\Rendering\Animation.h">
      <Filter>Engine\Header\Rendering</Filter>
    </ClInclude>
    <ClInclude Include="..\include\Rendering\AnimationRenderer.h">
      <Filter>Engine\Header\Rendering</Filter>
    </ClInclude>
    <ClInclude Include="..\include\Rendering\LayerRenderer.h">
      <Filter>Engine\Header\Rendering</Filter>
    </ClInclude>
    <ClInclude Include="../include/Rendering\RenderManager.h">
      <Filter>Engine\Header\Rendering</Filter>
    </ClInclude>
    <ClInclude Include="../include/Rendering\SpriteRenderer.h">
      <Filter>Engine\Header\Rendering</Filter>
    </ClInclude>
    <ClInclude Include="../include/GameObject/Component.h">
      <Filter>Engine\Header\GameObject</Filter>
    </ClInclude>
    <ClInclude Include="..\include\Tiled Editor\ContentManager.h">
      <Filter>Engine\Header\Tiled Editor</Filter>
    </ClInclude>
    <ClInclude Include="../include/Util\Debug.h">
      <Filter>Engine\Header\Util</Filter>
    </ClInclude>
    <ClInclude Include="..\include\Core\Game.h">
      <Filter>Engine\Header\Core</Filter>
    </ClInclude>
    <ClInclude Include="../include/GameObject/GameObject.h">
      <Filter>Engine\Header\GameObject</Filter>
    </ClInclude>
    <ClInclude Include="../include/GameObject/GameObjectManager.h">
      <Filter>Engine\Header\GameObject</Filter>
    </ClInclude>
    <ClInclude Include="../include/Input/Gamepad.h">
      <Filter>Engine\Header\Input</Filter>
    </ClInclude>
    <ClInclude Include="../include/Input/InputManager.h">
      <Filter>Engine\Header\Input</Filter>
    </ClInclude>
    <ClInclude Include="..\include\Tiled Editor\Map.h">
      <Filter>Engine\Header\Tiled Editor</Filter>
    </ClInclude>
    <ClInclude Include="..\include\Util\QuickMaths.h">
      <Filter>Engine\Header\Util</Filter>
    </ClInclude>
    <ClInclude Include="../include/Audio/SoundManager.h">
      <Filter>Engine\Header\Audio</Filter>
    </ClInclude>
    <ClInclude Include="../include/Core\State.h">
      <Filter>Engine\Header\Core</Filter>
    </ClInclude>
    <ClInclude Include="..\include\Core\StateManager.h">
      <Filter>Engine\Header\Core</Filter>
    </ClInclude>
    <ClInclude Include="..\include\Tiled Editor\TiledMap.h">
      <Filter>Engine\Header\Tiled Editor</Filter>
    </ClInclude>
    <ClInclude Include="..\include\Util\Timer.h">
      <Filter>Engine\Header\Util</Filter>
    </ClInclude>
    <ClInclude Include="..\include\Util\TimerManager.h">
      <Filter>Engine\Header\Util</Filter>
    </ClInclude>
    <ClInclude Include="..\include\IntroState.h">
      <Filter>Game\Header\Game States</Filter>
    </ClInclude>
    <ClInclude Include="../include/Physics/Collider.h">
      <Filter>Engine\Header\Physics</Filter>
    </ClInclude>
    <ClInclude Include="..\include\CreditsState.h">
      <Filter>Game\Header\Game States</Filter>
    </ClInclude>
    <ClInclude Include="..\include\MenuState.h">
      <Filter>Game\Header\Game States</Filter>
    </ClInclude>
    <ClInclude Include="..\include\EndState.h">
      <Filter>Game\Header\Game States</Filter>
    </ClInclude>
    <ClInclude Include="..\include\Bird.h">
      <Filter>Game\Header</Filter>
    </ClInclude>
    <ClInclude Include="..\include\Pentagram.h">
      <Filter>Game\Header</Filter>
    </ClInclude>
    <ClInclude Include="..\include\Player.h">
      <Filter>Game\Header</Filter>
    </ClInclude>
    <ClInclude Include="..\include\MainState.h">
      <Filter>Game\Header\Game States</Filter>
    </ClInclude>
    <ClInclude Include="..\include\Projectile.h">
      <Filter>Game\Header</Filter>
    </ClInclude>
    <ClInclude Include="..\include\Rendering\Drawable.h">
      <Filter>Engine\Header\Rendering</Filter>
    </ClInclude>
    <ClInclude Include="..\include\InfoState.h">
      <Filter>Game\Header\Game States</Filter>
    </ClInclude>
  </ItemGroup>
  <ItemGroup>
    <Filter Include="Engine">
      <UniqueIdentifier>{adda8e8d-9063-4c0f-9783-06f5086cd59b}</UniqueIdentifier>
    </Filter>
    <Filter Include="Game">
      <UniqueIdentifier>{0c5fdde8-ad0e-4128-9e5c-2661656722ca}</UniqueIdentifier>
    </Filter>
    <Filter Include="Game\Header">
      <UniqueIdentifier>{adca8cf7-4baf-434c-aba0-d9941db6dd0d}</UniqueIdentifier>
    </Filter>
    <Filter Include="Engine\Header">
      <UniqueIdentifier>{3ba3c1c6-a163-46d4-b983-35eeba24f276}</UniqueIdentifier>
    </Filter>
    <Filter Include="Engine\Header\Input">
      <UniqueIdentifier>{97eef66d-27bc-42b3-8f10-9fa4c27c94f3}</UniqueIdentifier>
    </Filter>
    <Filter Include="Engine\Header\Util">
      <UniqueIdentifier>{93761148-8392-477c-bdd1-6e565c6e5ef2}</UniqueIdentifier>
    </Filter>
    <Filter Include="Engine\Header\GameObject">
      <UniqueIdentifier>{f4b03b37-4bbc-48e5-8ae9-47d15a564941}</UniqueIdentifier>
    </Filter>
    <Filter Include="Engine\Header\Core">
      <UniqueIdentifier>{2a1a5ebb-6061-49a2-a76a-8461f579cbd8}</UniqueIdentifier>
    </Filter>
    <Filter Include="Engine\Header\Audio">
      <UniqueIdentifier>{98b3eb28-6ec9-40c4-ba02-45253c5edfeb}</UniqueIdentifier>
    </Filter>
    <Filter Include="Engine\Header\Rendering">
      <UniqueIdentifier>{1a0381b1-65de-4c53-a515-26a6a0e52c24}</UniqueIdentifier>
    </Filter>
    <Filter Include="Engine\Header\Physics">
      <UniqueIdentifier>{0983adb7-041e-4870-a2ce-14e3d2546b97}</UniqueIdentifier>
    </Filter>
    <Filter Include="Engine\Header\Tiled Editor">
      <UniqueIdentifier>{aef9226d-62f0-4180-ad3b-49ee54039a09}</UniqueIdentifier>
    </Filter>
    <Filter Include="Engine\Source">
      <UniqueIdentifier>{888bef7f-a20b-4c53-8d84-38be7f72f172}</UniqueIdentifier>
    </Filter>
    <Filter Include="Engine\Source\Input">
      <UniqueIdentifier>{76f072c5-33c4-48f5-b9fa-4d4ab149df10}</UniqueIdentifier>
    </Filter>
    <Filter Include="Engine\Source\Util">
      <UniqueIdentifier>{b048b772-285c-4595-a161-04fa1761d09d}</UniqueIdentifier>
    </Filter>
    <Filter Include="Engine\Source\GameObject">
      <UniqueIdentifier>{26269d88-7f40-4b36-87d9-aa37befbc35d}</UniqueIdentifier>
    </Filter>
    <Filter Include="Engine\Source\Rendering">
      <UniqueIdentifier>{cd1623ca-d7c0-4b66-a483-f12efb8471a5}</UniqueIdentifier>
    </Filter>
    <Filter Include="Engine\Source\Audio">
      <UniqueIdentifier>{e60f67b7-b1d2-490b-9a20-213f30eeb189}</UniqueIdentifier>
    </Filter>
    <Filter Include="Engine\Source\Core">
      <UniqueIdentifier>{413a866e-89b8-4831-ae93-4854b3653b16}</UniqueIdentifier>
    </Filter>
    <Filter Include="Engine\Source\Physics">
      <UniqueIdentifier>{06d3b806-7409-4d81-bd4b-307350bae13a}</UniqueIdentifier>
    </Filter>
    <Filter Include="Engine\Source\Tiled Editor">
      <UniqueIdentifier>{807df135-59cf-435e-8503-b77331f7c3ec}</UniqueIdentifier>
    </Filter>
    <Filter Include="Game\Source">
      <UniqueIdentifier>{4c4326b6-2b89-4540-8331-7da727117abd}</UniqueIdentifier>
    </Filter>
    <Filter Include="Game\Header\Game States">
      <UniqueIdentifier>{f65e0a9d-67f2-4abd-aaee-b4085596575f}</UniqueIdentifier>
    </Filter>
    <Filter Include="Game\Source\Game States">
      <UniqueIdentifier>{defc6e68-b516-4740-9850-5fc985638eb0}</UniqueIdentifier>
    </Filter>
  </ItemGroup>
</Project>